
Microsoft Visual Studio Solution File, Format Version 12.00
# Visual Studio Version 17
VisualStudioVersion = 17.13.35825.156 d17.13
MinimumVisualStudioVersion = 10.0.40219.1
Project("{FAE04EC0-301F-11D3-BF4B-00C04F79EFBC}") = "flexlayout-grow-test", "flexlayout-grow-test\flexlayout-grow-test.csproj", "{8C977241-521D-4316-817B-0E26566CC280}"
EndProject
Global
	GlobalSection(SolutionConfigurationPlatforms) = preSolution
		Debug|Any CPU = Debug|Any CPU
		Release|Any CPU = Release|Any CPU
	EndGlobalSection
	GlobalSection(ProjectConfigurationPlatforms) = postSolution
		{8C977241-521D-4316-817B-0E26566CC280}.Debug|Any CPU.ActiveCfg = Debug|Any CPU
		{8C977241-521D-4316-817B-0E26566CC280}.Debug|Any CPU.Build.0 = Debug|Any CPU
		{8C977241-521D-4316-817B-0E26566CC280}.Release|Any CPU.ActiveCfg = Release|Any CPU
		{8C977241-521D-4316-817B-0E26566CC280}.Release|Any CPU.Build.0 = Release|Any CPU
	EndGlobalSection
	GlobalSection(SolutionProperties) = preSolution
		HideSolutionNode = FALSE
	EndGlobalSection
	GlobalSection(ExtensibilityGlobals) = postSolution
		SolutionGuid = {F38BDA07-5A78-4062-BAFA-3091E214EEC6}
	EndGlobalSection
EndGlobal
